
Microsoft Visual Studio Solution File, Format Version 12.00
# Visual Studio Version 17
VisualStudioVersion = 17.9.34607.119
MinimumVisualStudioVersion = 10.0.40219.1
Project("{FAE04EC0-301F-11D3-BF4B-00C04F79EFBC}") = "File Transfer", "File Transfer\File Transfer.csproj", "{D9950969-D70C-4834-8605-FA5EC37F0F8E}"
EndProject
Global
	GlobalSection(SolutionConfigurationPlatforms) = preSolution
		Debug|Any CPU = Debug|Any CPU
		Release|Any CPU = Release|Any CPU
	EndGlobalSection
	GlobalSection(ProjectConfigurationPlatforms) = postSolution
		{D9950969-D70C-4834-8605-FA5EC37F0F8E}.Debug|Any CPU.ActiveCfg = Debug|Any CPU
		{D9950969-D70C-4834-8605-FA5EC37F0F8E}.Debug|Any CPU.Build.0 = Debug|Any CPU
		{D9950969-D70C-4834-8605-FA5EC37F0F8E}.Release|Any CPU.ActiveCfg = Release|Any CPU
		{D9950969-D70C-4834-8605-FA5EC37F0F8E}.Release|Any CPU.Build.0 = Release|Any CPU
	EndGlobalSection
	GlobalSection(SolutionProperties) = preSolution
		HideSolutionNode = FALSE
	EndGlobalSection
	GlobalSection(ExtensibilityGlobals) = postSolution
		SolutionGuid = {A2E9AE7C-C289-40EF-8A97-898C9EF230F4}
	EndGlobalSection
EndGlobal
